
Microsoft Visual Studio Solution File, Format Version 12.00
# Visual Studio Version 17
VisualStudioVersion = 17.1.32210.238
MinimumVisualStudioVersion = 10.0.40219.1
Project("{9A19103F-16F7-4668-BE54-9A1E7A4F7556}") = "AgenziaConsulenzaAMM.Core", "AgenziaConsulenzaAMM.Core\AgenziaConsulenzaAMM.Core.csproj", "{8560026C-6DA2-41FA-A6AD-C1D5AC39DBE8}"
EndProject
Project("{9A19103F-16F7-4668-BE54-9A1E7A4F7556}") = "AgenziaConsulenzaAMM.EF", "AgenziaConsulenzaAMM.EF\AgenziaConsulenzaAMM.EF.csproj", "{69BEE729-DA3F-40F0-A8A7-1D890C352CB0}"
EndProject
Project("{9A19103F-16F7-4668-BE54-9A1E7A4F7556}") = "AgenziaConsulenzaAMM.API", "AgenziaConsulenzaAMM.API\AgenziaConsulenzaAMM.API.csproj", "{0961A79C-0E04-4677-8AB9-9369E73C0E15}"
EndProject
Global
	GlobalSection(SolutionConfigurationPlatforms) = preSolution
		Debug|Any CPU = Debug|Any CPU
		Release|Any CPU = Release|Any CPU
	EndGlobalSection
	GlobalSection(ProjectConfigurationPlatforms) = postSolution
		{8560026C-6DA2-41FA-A6AD-C1D5AC39DBE8}.Debug|Any CPU.ActiveCfg = Debug|Any CPU
		{8560026C-6DA2-41FA-A6AD-C1D5AC39DBE8}.Debug|Any CPU.Build.0 = Debug|Any CPU
		{8560026C-6DA2-41FA-A6AD-C1D5AC39DBE8}.Release|Any CPU.ActiveCfg = Release|Any CPU
		{8560026C-6DA2-41FA-A6AD-C1D5AC39DBE8}.Release|Any CPU.Build.0 = Release|Any CPU
		{69BEE729-DA3F-40F0-A8A7-1D890C352CB0}.Debug|Any CPU.ActiveCfg = Debug|Any CPU
		{69BEE729-DA3F-40F0-A8A7-1D890C352CB0}.Debug|Any CPU.Build.0 = Debug|Any CPU
		{69BEE729-DA3F-40F0-A8A7-1D890C352CB0}.Release|Any CPU.ActiveCfg = Release|Any CPU
		{69BEE729-DA3F-40F0-A8A7-1D890C352CB0}.Release|Any CPU.Build.0 = Release|Any CPU
		{0961A79C-0E04-4677-8AB9-9369E73C0E15}.Debug|Any CPU.ActiveCfg = Debug|Any CPU
		{0961A79C-0E04-4677-8AB9-9369E73C0E15}.Debug|Any CPU.Build.0 = Debug|Any CPU
		{0961A79C-0E04-4677-8AB9-9369E73C0E15}.Release|Any CPU.ActiveCfg = Release|Any CPU
		{0961A79C-0E04-4677-8AB9-9369E73C0E15}.Release|Any CPU.Build.0 = Release|Any CPU
	EndGlobalSection
	GlobalSection(SolutionProperties) = preSolution
		HideSolutionNode = FALSE
	EndGlobalSection
	GlobalSection(ExtensibilityGlobals) = postSolution
		SolutionGuid = {1FC50627-694D-49DC-8749-D7C9DC5E9101}
	EndGlobalSection
EndGlobal
